
Microsoft Visual Studio Solution File, Format Version 12.00
Project("{FAE04EC0-301F-11D3-BF4B-00C04F79EFBC}") = "ConsoleTaskGenerator", "ConsoleTaskGenerator\ConsoleTaskGenerator.csproj", "{1D96C12C-858D-45CD-8DDB-B2DD28E71376}"
EndProject
Project("{FAE04EC0-301F-11D3-BF4B-00C04F79EFBC}") = "TaskEngine", "TaskEngine\TaskEngine.csproj", "{38A25EC2-4808-4780-BA1A-10282F9FF230}"
EndProject
Project("{FAE04EC0-301F-11D3-BF4B-00C04F79EFBC}") = "Tests", "Tests\Tests.csproj", "{1F9D5386-4801-4D00-816C-6382CC4B29C0}"
EndProject
Global
	GlobalSection(SolutionConfigurationPlatforms) = preSolution
		Debug|Any CPU = Debug|Any CPU
		Release|Any CPU = Release|Any CPU
	EndGlobalSection
	GlobalSection(ProjectConfigurationPlatforms) = postSolution
		{1D96C12C-858D-45CD-8DDB-B2DD28E71376}.Debug|Any CPU.ActiveCfg = Debug|Any CPU
		{1D96C12C-858D-45CD-8DDB-B2DD28E71376}.Debug|Any CPU.Build.0 = Debug|Any CPU
		{1D96C12C-858D-45CD-8DDB-B2DD28E71376}.Release|Any CPU.ActiveCfg = Release|Any CPU
		{1D96C12C-858D-45CD-8DDB-B2DD28E71376}.Release|Any CPU.Build.0 = Release|Any CPU
		{38A25EC2-4808-4780-BA1A-10282F9FF230}.Debug|Any CPU.ActiveCfg = Debug|Any CPU
		{38A25EC2-4808-4780-BA1A-10282F9FF230}.Debug|Any CPU.Build.0 = Debug|Any CPU
		{38A25EC2-4808-4780-BA1A-10282F9FF230}.Release|Any CPU.ActiveCfg = Release|Any CPU
		{38A25EC2-4808-4780-BA1A-10282F9FF230}.Release|Any CPU.Build.0 = Release|Any CPU
		{1F9D5386-4801-4D00-816C-6382CC4B29C0}.Debug|Any CPU.ActiveCfg = Debug|Any CPU
		{1F9D5386-4801-4D00-816C-6382CC4B29C0}.Debug|Any CPU.Build.0 = Debug|Any CPU
		{1F9D5386-4801-4D00-816C-6382CC4B29C0}.Release|Any CPU.ActiveCfg = Release|Any CPU
		{1F9D5386-4801-4D00-816C-6382CC4B29C0}.Release|Any CPU.Build.0 = Release|Any CPU
	EndGlobalSection
EndGlobal
