
Microsoft Visual Studio Solution File, Format Version 12.00
Project("{FAE04EC0-301F-11D3-BF4B-00C04F79EFBC}") = "TaskGenerator", "TaskGenerator\TaskGenerator.csproj", "{1D96C12C-858D-45CD-8DDB-B2DD28E71376}"
EndProject
Global
	GlobalSection(SolutionConfigurationPlatforms) = preSolution
		Debug|Any CPU = Debug|Any CPU
		Release|Any CPU = Release|Any CPU
	EndGlobalSection
	GlobalSection(ProjectConfigurationPlatforms) = postSolution
		{1D96C12C-858D-45CD-8DDB-B2DD28E71376}.Debug|Any CPU.ActiveCfg = Debug|Any CPU
		{1D96C12C-858D-45CD-8DDB-B2DD28E71376}.Debug|Any CPU.Build.0 = Debug|Any CPU
		{1D96C12C-858D-45CD-8DDB-B2DD28E71376}.Release|Any CPU.ActiveCfg = Release|Any CPU
		{1D96C12C-858D-45CD-8DDB-B2DD28E71376}.Release|Any CPU.Build.0 = Release|Any CPU
	EndGlobalSection
EndGlobal
